
Microsoft Visual Studio Solution File, Format Version 12.00
# Visual Studio Version 17
VisualStudioVersion = 17.9.34728.123
MinimumVisualStudioVersion = 10.0.40219.1
Project("{9A19103F-16F7-4668-BE54-9A1E7A4F7556}") = "iClinic.Domain", "src\Core\iClinic.Domain\iClinic.Domain.csproj", "{BA9AF164-8043-44B8-A9C2-3D507C139244}"
EndProject
Project("{9A19103F-16F7-4668-BE54-9A1E7A4F7556}") = "iClinic.Infrastructure", "src\Infrastructure\iClinic.Infrastructure\iClinic.Infrastructure.csproj", "{46F39482-9FC7-41F2-A66F-A85753925E15}"
EndProject
Project("{9A19103F-16F7-4668-BE54-9A1E7A4F7556}") = "iClinic.Application", "src\Core\iClinic.Application\iClinic.Application.csproj", "{C8D861F9-5E54-494B-B1C4-3475B59DC15D}"
EndProject
Project("{9A19103F-16F7-4668-BE54-9A1E7A4F7556}") = "iClinic.Api", "src\API\iClinic.Api\iClinic.Api.csproj", "{D0B5DCDE-8F61-44F3-AFC2-88FD0A1F1D4D}"
EndProject
Project("{2150E333-8FDC-42A3-9474-1A3956D46DE8}") = "src", "src", "{E060B5BD-D49A-459B-B3DD-062762DC3FFC}"
EndProject
Project("{2150E333-8FDC-42A3-9474-1A3956D46DE8}") = "Infrastructure", "Infrastructure", "{BBC4CB1E-A103-4F80-B330-886CCA2AA21A}"
EndProject
Project("{2150E333-8FDC-42A3-9474-1A3956D46DE8}") = "API", "API", "{DB3397C9-6891-4126-8FD7-049C93281DF3}"
EndProject
Project("{9A19103F-16F7-4668-BE54-9A1E7A4F7556}") = "iClinic.Presistence", "src\Infrastructure\iClinic.Presistence\iClinic.Presistence.csproj", "{A8BF61D6-EF5C-4F01-97BB-B6454CBB350A}"
EndProject
Project("{9A19103F-16F7-4668-BE54-9A1E7A4F7556}") = "iClinic.Identity", "src\Infrastructure\iClinic.Identity\iClinic.Identity.csproj", "{617521D2-B4CD-4CB4-A883-40D6BFA4D66C}"
EndProject
Project("{9A19103F-16F7-4668-BE54-9A1E7A4F7556}") = "iClinic.Presentation", "src\Infrastructure\iClinic.Presentation\iClinic.Presentation.csproj", "{0E298D26-0159-4D51-B903-161742C328DD}"
EndProject
Project("{2150E333-8FDC-42A3-9474-1A3956D46DE8}") = "Core", "Core", "{FE94FD92-9491-4D70-BC87-3FD3D0FE7B91}"
EndProject
Project("{9A19103F-16F7-4668-BE54-9A1E7A4F7556}") = "iClinic.Logger", "src\Infrastructure\iClinic.Logger\iClinic.Logger.csproj", "{6350083E-4B35-4D00-9A06-CCB652DA2F04}"
EndProject
Project("{FAE04EC0-301F-11D3-BF4B-00C04F79EFBC}") = "iClinic.Resources", "src\Core\iClinic.Resources\iClinic.Resources.csproj", "{FE0B49C1-C893-46E9-815A-81BAED7CC072}"
EndProject
Global
	GlobalSection(SolutionConfigurationPlatforms) = preSolution
		Debug|Any CPU = Debug|Any CPU
		Release|Any CPU = Release|Any CPU
	EndGlobalSection
	GlobalSection(ProjectConfigurationPlatforms) = postSolution
		{BA9AF164-8043-44B8-A9C2-3D507C139244}.Debug|Any CPU.ActiveCfg = Debug|Any CPU
		{BA9AF164-8043-44B8-A9C2-3D507C139244}.Debug|Any CPU.Build.0 = Debug|Any CPU
		{BA9AF164-8043-44B8-A9C2-3D507C139244}.Release|Any CPU.ActiveCfg = Release|Any CPU
		{BA9AF164-8043-44B8-A9C2-3D507C139244}.Release|Any CPU.Build.0 = Release|Any CPU
		{46F39482-9FC7-41F2-A66F-A85753925E15}.Debug|Any CPU.ActiveCfg = Debug|Any CPU
		{46F39482-9FC7-41F2-A66F-A85753925E15}.Debug|Any CPU.Build.0 = Debug|Any CPU
		{46F39482-9FC7-41F2-A66F-A85753925E15}.Release|Any CPU.ActiveCfg = Release|Any CPU
		{46F39482-9FC7-41F2-A66F-A85753925E15}.Release|Any CPU.Build.0 = Release|Any CPU
		{C8D861F9-5E54-494B-B1C4-3475B59DC15D}.Debug|Any CPU.ActiveCfg = Debug|Any CPU
		{C8D861F9-5E54-494B-B1C4-3475B59DC15D}.Debug|Any CPU.Build.0 = Debug|Any CPU
		{C8D861F9-5E54-494B-B1C4-3475B59DC15D}.Release|Any CPU.ActiveCfg = Release|Any CPU
		{C8D861F9-5E54-494B-B1C4-3475B59DC15D}.Release|Any CPU.Build.0 = Release|Any CPU
		{D0B5DCDE-8F61-44F3-AFC2-88FD0A1F1D4D}.Debug|Any CPU.ActiveCfg = Debug|Any CPU
		{D0B5DCDE-8F61-44F3-AFC2-88FD0A1F1D4D}.Debug|Any CPU.Build.0 = Debug|Any CPU
		{D0B5DCDE-8F61-44F3-AFC2-88FD0A1F1D4D}.Release|Any CPU.ActiveCfg = Release|Any CPU
		{D0B5DCDE-8F61-44F3-AFC2-88FD0A1F1D4D}.Release|Any CPU.Build.0 = Release|Any CPU
		{A8BF61D6-EF5C-4F01-97BB-B6454CBB350A}.Debug|Any CPU.ActiveCfg = Debug|Any CPU
		{A8BF61D6-EF5C-4F01-97BB-B6454CBB350A}.Debug|Any CPU.Build.0 = Debug|Any CPU
		{A8BF61D6-EF5C-4F01-97BB-B6454CBB350A}.Release|Any CPU.ActiveCfg = Release|Any CPU
		{A8BF61D6-EF5C-4F01-97BB-B6454CBB350A}.Release|Any CPU.Build.0 = Release|Any CPU
		{617521D2-B4CD-4CB4-A883-40D6BFA4D66C}.Debug|Any CPU.ActiveCfg = Debug|Any CPU
		{617521D2-B4CD-4CB4-A883-40D6BFA4D66C}.Debug|Any CPU.Build.0 = Debug|Any CPU
		{617521D2-B4CD-4CB4-A883-40D6BFA4D66C}.Release|Any CPU.ActiveCfg = Release|Any CPU
		{617521D2-B4CD-4CB4-A883-40D6BFA4D66C}.Release|Any CPU.Build.0 = Release|Any CPU
		{0E298D26-0159-4D51-B903-161742C328DD}.Debug|Any CPU.ActiveCfg = Debug|Any CPU
		{0E298D26-0159-4D51-B903-161742C328DD}.Debug|Any CPU.Build.0 = Debug|Any CPU
		{0E298D26-0159-4D51-B903-161742C328DD}.Release|Any CPU.ActiveCfg = Release|Any CPU
		{0E298D26-0159-4D51-B903-161742C328DD}.Release|Any CPU.Build.0 = Release|Any CPU
		{6350083E-4B35-4D00-9A06-CCB652DA2F04}.Debug|Any CPU.ActiveCfg = Debug|Any CPU
		{6350083E-4B35-4D00-9A06-CCB652DA2F04}.Debug|Any CPU.Build.0 = Debug|Any CPU
		{6350083E-4B35-4D00-9A06-CCB652DA2F04}.Release|Any CPU.ActiveCfg = Release|Any CPU
		{6350083E-4B35-4D00-9A06-CCB652DA2F04}.Release|Any CPU.Build.0 = Release|Any CPU
		{FE0B49C1-C893-46E9-815A-81BAED7CC072}.Debug|Any CPU.ActiveCfg = Debug|Any CPU
		{FE0B49C1-C893-46E9-815A-81BAED7CC072}.Debug|Any CPU.Build.0 = Debug|Any CPU
		{FE0B49C1-C893-46E9-815A-81BAED7CC072}.Release|Any CPU.ActiveCfg = Release|Any CPU
		{FE0B49C1-C893-46E9-815A-81BAED7CC072}.Release|Any CPU.Build.0 = Release|Any CPU
	EndGlobalSection
	GlobalSection(SolutionProperties) = preSolution
		HideSolutionNode = FALSE
	EndGlobalSection
	GlobalSection(NestedProjects) = preSolution
		{BA9AF164-8043-44B8-A9C2-3D507C139244} = {FE94FD92-9491-4D70-BC87-3FD3D0FE7B91}
		{46F39482-9FC7-41F2-A66F-A85753925E15} = {BBC4CB1E-A103-4F80-B330-886CCA2AA21A}
		{C8D861F9-5E54-494B-B1C4-3475B59DC15D} = {FE94FD92-9491-4D70-BC87-3FD3D0FE7B91}
		{D0B5DCDE-8F61-44F3-AFC2-88FD0A1F1D4D} = {DB3397C9-6891-4126-8FD7-049C93281DF3}
		{BBC4CB1E-A103-4F80-B330-886CCA2AA21A} = {E060B5BD-D49A-459B-B3DD-062762DC3FFC}
		{DB3397C9-6891-4126-8FD7-049C93281DF3} = {E060B5BD-D49A-459B-B3DD-062762DC3FFC}
		{A8BF61D6-EF5C-4F01-97BB-B6454CBB350A} = {BBC4CB1E-A103-4F80-B330-886CCA2AA21A}
		{617521D2-B4CD-4CB4-A883-40D6BFA4D66C} = {BBC4CB1E-A103-4F80-B330-886CCA2AA21A}
		{0E298D26-0159-4D51-B903-161742C328DD} = {BBC4CB1E-A103-4F80-B330-886CCA2AA21A}
		{FE94FD92-9491-4D70-BC87-3FD3D0FE7B91} = {E060B5BD-D49A-459B-B3DD-062762DC3FFC}
		{6350083E-4B35-4D00-9A06-CCB652DA2F04} = {BBC4CB1E-A103-4F80-B330-886CCA2AA21A}
		{FE0B49C1-C893-46E9-815A-81BAED7CC072} = {FE94FD92-9491-4D70-BC87-3FD3D0FE7B91}
	EndGlobalSection
	GlobalSection(ExtensibilityGlobals) = postSolution
		SolutionGuid = {52FFD621-3B99-418A-AABE-35C1395B91B7}
	EndGlobalSection
EndGlobal
